// !$*UTF8*$!
{
	archiveVersion = 1;
	classes = {
	};
	objectVersion = 56;
	objects = {

/* Begin PBXBuildFile section */
		3C38469B2B34A2FB00D7F0D7 /* AppDelegate.swift in Sources */ = {isa = PBXBuildFile; fileRef = 3C38469A2B34A2FB00D7F0D7 /* AppDelegate.swift */; };
		3C38469D2B34A2FB00D7F0D7 /* SceneDelegate.swift in Sources */ = {isa = PBXBuildFile; fileRef = 3C38469C2B34A2FB00D7F0D7 /* SceneDelegate.swift */; };
		3C38469F2B34A2FB00D7F0D7 /* ViewController.swift in Sources */ = {isa = PBXBuildFile; fileRef = 3C38469E2B34A2FB00D7F0D7 /* ViewController.swift */; };
		3C3846A22B34A2FB00D7F0D7 /* Main.storyboard in Resources */ = {isa = PBXBuildFile; fileRef = 3C3846A02B34A2FB00D7F0D7 /* Main.storyboard */; };
		3C3846A42B34A2FC00D7F0D7 /* Assets.xcassets in Resources */ = {isa = PBXBuildFile; fileRef = 3C3846A32B34A2FC00D7F0D7 /* Assets.xcassets */; };
		3C3846A72B34A2FC00D7F0D7 /* LaunchScreen.storyboard in Resources */ = {isa = PBXBuildFile; fileRef = 3C3846A52B34A2FC00D7F0D7 /* LaunchScreen.storyboard */; };
		3C3846B22B34A2FC00D7F0D7 /* HomeWork3Tests.swift in Sources */ = {isa = PBXBuildFile; fileRef = 3C3846B12B34A2FC00D7F0D7 /* HomeWork3Tests.swift */; };
		3C3846BC2B34A2FC00D7F0D7 /* HomeWork3UITests.swift in Sources */ = {isa = PBXBuildFile; fileRef = 3C3846BB2B34A2FC00D7F0D7 /* HomeWork3UITests.swift */; };
		3C3846BE2B34A2FC00D7F0D7 /* HomeWork3UITestsLaunchTests.swift in Sources */ = {isa = PBXBuildFile; fileRef = 3C3846BD2B34A2FC00D7F0D7 /* HomeWork3UITestsLaunchTests.swift */; };
/* End PBXBuildFile section */

/* Begin PBXContainerItemProxy section */
		3C3846AE2B34A2FC00D7F0D7 /* PBXContainerItemProxy */ = {
			isa = PBXContainerItemProxy;
			containerPortal = 3C38468F2B34A2FB00D7F0D7 /* Project object */;
			proxyType = 1;
			remoteGlobalIDString = 3C3846962B34A2FB00D7F0D7;
			remoteInfo = HomeWork3;
		};
		3C3846B82B34A2FC00D7F0D7 /* PBXContainerItemProxy */ = {
			isa = PBXContainerItemProxy;
			containerPortal = 3C38468F2B34A2FB00D7F0D7 /* Project object */;
			proxyType = 1;
			remoteGlobalIDString = 3C3846962B34A2FB00D7F0D7;
			remoteInfo = HomeWork3;
		};
/* End PBXContainerItemProxy section */

/* Begin PBXFileReference section */
		3C3846972B34A2FB00D7F0D7 /* HomeWork3.app */ = {isa = PBXFileReference; explicitFileType = wrapper.application; includeInIndex = 0; path = HomeWork3.app; sourceTree = BUILT_PRODUCTS_DIR; };
		3C38469A2B34A2FB00D7F0D7 /* AppDelegate.swift */ = {isa = PBXFileReference; lastKnownFileType = sourcecode.swift; path = AppDelegate.swift; sourceTree = "<group>"; };
		3C38469C2B34A2FB00D7F0D7 /* SceneDelegate.swift */ = {isa = PBXFileReference; lastKnownFileType = sourcecode.swift; path = SceneDelegate.swift; sourceTree = "<group>"; };
		3C38469E2B34A2FB00D7F0D7 /* ViewController.swift */ = {isa = PBXFileReference; lastKnownFileType = sourcecode.swift; path = ViewController.swift; sourceTree = "<group>"; };
		3C3846A12B34A2FB00D7F0D7 /* Base */ = {isa = PBXFileReference; lastKnownFileType = file.storyboard; name = Base; path = Base.lproj/Main.storyboard; sourceTree = "<group>"; };
		3C3846A32B34A2FC00D7F0D7 /* Assets.xcassets */ = {isa = PBXFileReference; lastKnownFileType = folder.assetcatalog; path = Assets.xcassets; sourceTree = "<group>"; };
		3C3846A62B34A2FC00D7F0D7 /* Base */ = {isa = PBXFileReference; lastKnownFileType = file.storyboard; name = Base; path = Base.lproj/LaunchScreen.storyboard; sourceTree = "<group>"; };
		3C3846A82B34A2FC00D7F0D7 /* Info.plist */ = {isa = PBXFileReference; lastKnownFileType = text.plist.xml; path = Info.plist; sourceTree = "<group>"; };
		3C3846AD2B34A2FC00D7F0D7 /* HomeWork3Tests.xctest */ = {isa = PBXFileReference; explicitFileType = wrapper.cfbundle; includeInIndex = 0; path = HomeWork3Tests.xctest; sourceTree = BUILT_PRODUCTS_DIR; };
		3C3846B12B34A2FC00D7F0D7 /* HomeWork3Tests.swift */ = {isa = PBXFileReference; lastKnownFileType = sourcecode.swift; path = HomeWork3Tests.swift; sourceTree = "<group>"; };
		3C3846B72B34A2FC00D7F0D7 /* HomeWork3UITests.xctest */ = {isa = PBXFileReference; explicitFileType = wrapper.cfbundle; includeInIndex = 0; path = HomeWork3UITests.xctest; sourceTree = BUILT_PRODUCTS_DIR; };
		3C3846BB2B34A2FC00D7F0D7 /* HomeWork3UITests.swift */ = {isa = PBXFileReference; lastKnownFileType = sourcecode.swift; path = HomeWork3UITests.swift; sourceTree = "<group>"; };
		3C3846BD2B34A2FC00D7F0D7 /* HomeWork3UITestsLaunchTests.swift */ = {isa = PBXFileReference; lastKnownFileType = sourcecode.swift; path = HomeWork3UITestsLaunchTests.swift; sourceTree = "<group>"; };
/* End PBXFileReference section */

/* Begin PBXFrameworksBuildPhase section */
		3C3846942B34A2FB00D7F0D7 /* Frameworks */ = {
			isa = PBXFrameworksBuildPhase;
			buildActionMask = 2147483647;
			files = (
			);
			runOnlyForDeploymentPostprocessing = 0;
		};
		3C3846AA2B34A2FC00D7F0D7 /* Frameworks */ = {
			isa = PBXFrameworksBuildPhase;
			buildActionMask = 2147483647;
			files = (
			);
			runOnlyForDeploymentPostprocessing = 0;
		};
		3C3846B42B34A2FC00D7F0D7 /* Frameworks */ = {
			isa = PBXFrameworksBuildPhase;
			buildActionMask = 2147483647;
			files = (
			);
			runOnlyForDeploymentPostprocessing = 0;
		};
/* End PBXFrameworksBuildPhase section */

/* Begin PBXGroup section */
		3C38468E2B34A2FB00D7F0D7 = {
			isa = PBXGroup;
			children = (
				3C3846992B34A2FB00D7F0D7 /* HomeWork3 */,
				3C3846B02B34A2FC00D7F0D7 /* HomeWork3Tests */,
				3C3846BA2B34A2FC00D7F0D7 /* HomeWork3UITests */,
				3C3846982B34A2FB00D7F0D7 /* Products */,
			);
			sourceTree = "<group>";
		};
		3C3846982B34A2FB00D7F0D7 /* Products */ = {
			isa = PBXGroup;
			children = (
				3C3846972B34A2FB00D7F0D7 /* HomeWork3.app */,
				3C3846AD2B34A2FC00D7F0D7 /* HomeWork3Tests.xctest */,
				3C3846B72B34A2FC00D7F0D7 /* HomeWork3UITests.xctest */,
			);
			name = Products;
			sourceTree = "<group>";
		};
		3C3846992B34A2FB00D7F0D7 /* HomeWork3 */ = {
			isa = PBXGroup;
			children = (
				3C38469A2B34A2FB00D7F0D7 /* AppDelegate.swift */,
				3C38469C2B34A2FB00D7F0D7 /* SceneDelegate.swift */,
				3C38469E2B34A2FB00D7F0D7 /* ViewController.swift */,
				3C3846A02B34A2FB00D7F0D7 /* Main.storyboard */,
				3C3846A32B34A2FC00D7F0D7 /* Assets.xcassets */,
				3C3846A52B34A2FC00D7F0D7 /* LaunchScreen.storyboard */,
				3C3846A82B34A2FC00D7F0D7 /* Info.plist */,
			);
			path = HomeWork3;
			sourceTree = "<group>";
		};
		3C3846B02B34A2FC00D7F0D7 /* HomeWork3Tests */ = {
			isa = PBXGroup;
			children = (
				3C3846B12B34A2FC00D7F0D7 /* HomeWork3Tests.swift */,
			);
			path = HomeWork3Tests;
			sourceTree = "<group>";
		};
		3C3846BA2B34A2FC00D7F0D7 /* HomeWork3UITests */ = {
			isa = PBXGroup;
			children = (
				3C3846BB2B34A2FC00D7F0D7 /* HomeWork3UITests.swift */,
				3C3846BD2B34A2FC00D7F0D7 /* HomeWork3UITestsLaunchTests.swift */,
			);
			path = HomeWork3UITests;
			sourceTree = "<group>";
		};
/* End PBXGroup section */

/* Begin PBXNativeTarget section */
		3C3846962B34A2FB00D7F0D7 /* HomeWork3 */ = {
			isa = PBXNativeTarget;
			buildConfigurationList = 3C3846C12B34A2FC00D7F0D7 /* Build configuration list for PBXNativeTarget "HomeWork3" */;
			buildPhases = (
				3C3846932B34A2FB00D7F0D7 /* Sources */,
				3C3846942B34A2FB00D7F0D7 /* Frameworks */,
				3C3846952B34A2FB00D7F0D7 /* Resources */,
			);
			buildRules = (
			);
			dependencies = (
			);
			name = HomeWork3;
			productName = HomeWork3;
			productReference = 3C3846972B34A2FB00D7F0D7 /* HomeWork3.app */;
			productType = "com.apple.product-type.application";
		};
		3C3846AC2B34A2FC00D7F0D7 /* HomeWork3Tests */ = {
			isa = PBXNativeTarget;
			buildConfigurationList = 3C3846C42B34A2FC00D7F0D7 /* Build configuration list for PBXNativeTarget "HomeWork3Tests" */;
			buildPhases = (
				3C3846A92B34A2FC00D7F0D7 /* Sources */,
				3C3846AA2B34A2FC00D7F0D7 /* Frameworks */,
				3C3846AB2B34A2FC00D7F0D7 /* Resources */,
			);
			buildRules = (
			);
			dependencies = (
				3C3846AF2B34A2FC00D7F0D7 /* PBXTargetDependency */,
			);
			name = HomeWork3Tests;
			productName = HomeWork3Tests;
			productReference = 3C3846AD2B34A2FC00D7F0D7 /* HomeWork3Tests.xctest */;
			productType = "com.apple.product-type.bundle.unit-test";
		};
		3C3846B62B34A2FC00D7F0D7 /* HomeWork3UITests */ = {
			isa = PBXNativeTarget;
			buildConfigurationList = 3C3846C72B34A2FC00D7F0D7 /* Build configuration list for PBXNativeTarget "HomeWork3UITests" */;
			buildPhases = (
				3C3846B32B34A2FC00D7F0D7 /* Sources */,
				3C3846B42B34A2FC00D7F0D7 /* Frameworks */,
				3C3846B52B34A2FC00D7F0D7 /* Resources */,
			);
			buildRules = (
			);
			dependencies = (
				3C3846B92B34A2FC00D7F0D7 /* PBXTargetDependency */,
			);
			name = HomeWork3UITests;
			productName = HomeWork3UITests;
			productReference = 3C3846B72B34A2FC00D7F0D7 /* HomeWork3UITests.xctest */;
			productType = "com.apple.product-type.bundle.ui-testing";
		};
/* End PBXNativeTarget section */

/* Begin PBXProject section */
		3C38468F2B34A2FB00D7F0D7 /* Project object */ = {
			isa = PBXProject;
			attributes = {
				BuildIndependentTargetsInParallel = 1;
				LastSwiftUpdateCheck = 1510;
				LastUpgradeCheck = 1510;
				TargetAttributes = {
					3C3846962B34A2FB00D7F0D7 = {
						CreatedOnToolsVersion = 15.1;
					};
					3C3846AC2B34A2FC00D7F0D7 = {
						CreatedOnToolsVersion = 15.1;
						TestTargetID = 3C3846962B34A2FB00D7F0D7;
					};
					3C3846B62B34A2FC00D7F0D7 = {
						CreatedOnToolsVersion = 15.1;
						TestTargetID = 3C3846962B34A2FB00D7F0D7;
					};
				};
			};
			buildConfigurationList = 3C3846922B34A2FB00D7F0D7 /* Build configuration list for PBXProject "HomeWork3" */;
			compatibilityVersion = "Xcode 14.0";
			developmentRegion = en;
			hasScannedForEncodings = 0;
			knownRegions = (
				en,
				Base,
			);
			mainGroup = 3C38468E2B34A2FB00D7F0D7;
			productRefGroup = 3C3846982B34A2FB00D7F0D7 /* Products */;
			projectDirPath = "";
			projectRoot = "";
			targets = (
				3C3846962B34A2FB00D7F0D7 /* HomeWork3 */,
				3C3846AC2B34A2FC00D7F0D7 /* HomeWork3Tests */,
				3C3846B62B34A2FC00D7F0D7 /* HomeWork3UITests */,
			);
		};
/* End PBXProject section */

/* Begin PBXResourcesBuildPhase section */
		3C3846952B34A2FB00D7F0D7 /* Resources */ = {
			isa = PBXResourcesBuildPhase;
			buildActionMask = 2147483647;
			files = (
				3C3846A72B34A2FC00D7F0D7 /* LaunchScreen.storyboard in Resources */,
				3C3846A42B34A2FC00D7F0D7 /* Assets.xcassets in Resources */,
				3C3846A22B34A2FB00D7F0D7 /* Main.storyboard in Resources */,
			);
			runOnlyForDeploymentPostprocessing = 0;
		};
		3C3846AB2B34A2FC00D7F0D7 /* Resources */ = {
			isa = PBXResourcesBuildPhase;
			buildActionMask = 2147483647;
			files = (
			);
			runOnlyForDeploymentPostprocessing = 0;
		};
		3C3846B52B34A2FC00D7F0D7 /* Resources */ = {
			isa = PBXResourcesBuildPhase;
			buildActionMask = 2147483647;
			files = (
			);
			runOnlyForDeploymentPostprocessing = 0;
		};
/* End PBXResourcesBuildPhase section */

/* Begin PBXSourcesBuildPhase section */
		3C3846932B34A2FB00D7F0D7 /* Sources */ = {
			isa = PBXSourcesBuildPhase;
			buildActionMask = 2147483647;
			files = (
				3C38469F2B34A2FB00D7F0D7 /* ViewController.swift in Sources */,
				3C38469B2B34A2FB00D7F0D7 /* AppDelegate.swift in Sources */,
				3C38469D2B34A2FB00D7F0D7 /* SceneDelegate.swift in Sources */,
			);
			runOnlyForDeploymentPostprocessing = 0;
		};
		3C3846A92B34A2FC00D7F0D7 /* Sources */ = {
			isa = PBXSourcesBuildPhase;
			buildActionMask = 2147483647;
			files = (
				3C3846B22B34A2FC00D7F0D7 /* HomeWork3Tests.swift in Sources */,
			);
			runOnlyForDeploymentPostprocessing = 0;
		};
		3C3846B32B34A2FC00D7F0D7 /* Sources */ = {
			isa = PBXSourcesBuildPhase;
			buildActionMask = 2147483647;
			files = (
				3C3846BE2B34A2FC00D7F0D7 /* HomeWork3UITestsLaunchTests.swift in Sources */,
				3C3846BC2B34A2FC00D7F0D7 /* HomeWork3UITests.swift in Sources */,
			);
			runOnlyForDeploymentPostprocessing = 0;
		};
/* End PBXSourcesBuildPhase section */

/* Begin PBXTargetDependency section */
		3C3846AF2B34A2FC00D7F0D7 /* PBXTargetDependency */ = {
			isa = PBXTargetDependency;
			target = 3C3846962B34A2FB00D7F0D7 /* HomeWork3 */;
			targetProxy = 3C3846AE2B34A2FC00D7F0D7 /* PBXContainerItemProxy */;
		};
		3C3846B92B34A2FC00D7F0D7 /* PBXTargetDependency */ = {
			isa = PBXTargetDependency;
			target = 3C3846962B34A2FB00D7F0D7 /* HomeWork3 */;
			targetProxy = 3C3846B82B34A2FC00D7F0D7 /* PBXContainerItemProxy */;
		};
/* End PBXTargetDependency section */

/* Begin PBXVariantGroup section */
		3C3846A02B34A2FB00D7F0D7 /* Main.storyboard */ = {
			isa = PBXVariantGroup;
			children = (
				3C3846A12B34A2FB00D7F0D7 /* Base */,
			);
			name = Main.storyboard;
			sourceTree = "<group>";
		};
		3C3846A52B34A2FC00D7F0D7 /* LaunchScreen.storyboard */ = {
			isa = PBXVariantGroup;
			children = (
				3C3846A62B34A2FC00D7F0D7 /* Base */,
			);
			name = LaunchScreen.storyboard;
			sourceTree = "<group>";
		};
/* End PBXVariantGroup section */

/* Begin XCBuildConfiguration section */
		3C3846BF2B34A2FC00D7F0D7 /* Debug */ = {
			isa = XCBuildConfiguration;
			buildSettings = {
				ALWAYS_SEARCH_USER_PATHS = NO;
				ASSETCATALOG_COMPILER_GENERATE_SWIFT_ASSET_SYMBOL_EXTENSIONS = YES;
				CLANG_ANALYZER_NONNULL = YES;
				CLANG_ANALYZER_NUMBER_OBJECT_CONVERSION = YES_AGGRESSIVE;
				CLANG_CXX_LANGUAGE_STANDARD = "gnu++20";
				CLANG_ENABLE_MODULES = YES;
				CLANG_ENABLE_OBJC_ARC = YES;
				CLANG_ENABLE_OBJC_WEAK = YES;
				CLANG_WARN_BLOCK_CAPTURE_AUTORELEASING = YES;
				CLANG_WARN_BOOL_CONVERSION = YES;
				CLANG_WARN_COMMA = YES;
				CLANG_WARN_CONSTANT_CONVERSION = YES;
				CLANG_WARN_DEPRECATED_OBJC_IMPLEMENTATIONS = YES;
				CLANG_WARN_DIRECT_OBJC_ISA_USAGE = YES_ERROR;
				CLANG_WARN_DOCUMENTATION_COMMENTS = YES;
				CLANG_WARN_EMPTY_BODY = YES;
				CLANG_WARN_ENUM_CONVERSION = YES;
				CLANG_WARN_INFINITE_RECURSION = YES;
				CLANG_WARN_INT_CONVERSION = YES;
				CLANG_WARN_NON_LITERAL_NULL_CONVERSION = YES;
				CLANG_WARN_OBJC_IMPLICIT_RETAIN_SELF = YES;
				CLANG_WARN_OBJC_LITERAL_CONVERSION = YES;
				CLANG_WARN_OBJC_ROOT_CLASS = YES_ERROR;
				CLANG_WARN_QUOTED_INCLUDE_IN_FRAMEWORK_HEADER = YES;
				CLANG_WARN_RANGE_LOOP_ANALYSIS = YES;
				CLANG_WARN_STRICT_PROTOTYPES = YES;
				CLANG_WARN_SUSPICIOUS_MOVE = YES;
				CLANG_WARN_UNGUARDED_AVAILABILITY = YES_AGGRESSIVE;
				CLANG_WARN_UNREACHABLE_CODE = YES;
				CLANG_WARN__DUPLICATE_METHOD_MATCH = YES;
				COPY_PHASE_STRIP = NO;
				DEBUG_INFORMATION_FORMAT = dwarf;
				ENABLE_STRICT_OBJC_MSGSEND = YES;
				ENABLE_TESTABILITY = YES;
				ENABLE_USER_SCRIPT_SANDBOXING = YES;
				GCC_C_LANGUAGE_STANDARD = gnu17;
				GCC_DYNAMIC_NO_PIC = NO;
				GCC_NO_COMMON_BLOCKS = YES;
				GCC_OPTIMIZATION_LEVEL = 0;
				GCC_PREPROCESSOR_DEFINITIONS = (
					"DEBUG=1",
					"$(inherited)",
				);
				GCC_WARN_64_TO_32_BIT_CONVERSION = YES;
				GCC_WARN_ABOUT_RETURN_TYPE = YES_ERROR;
				GCC_WARN_UNDECLARED_SELECTOR = YES;
				GCC_WARN_UNINITIALIZED_AUTOS = YES_AGGRESSIVE;
				GCC_WARN_UNUSED_FUNCTION = YES;
				GCC_WARN_UNUSED_VARIABLE = YES;
				IPHONEOS_DEPLOYMENT_TARGET = 17.2;
				LOCALIZATION_PREFERS_STRING_CATALOGS = YES;
				MTL_ENABLE_DEBUG_INFO = INCLUDE_SOURCE;
				MTL_FAST_MATH = YES;
				ONLY_ACTIVE_ARCH = YES;
				SDKROOT = iphoneos;
				SWIFT_ACTIVE_COMPILATION_CONDITIONS = "DEBUG $(inherited)";
				SWIFT_OPTIMIZATION_LEVEL = "-Onone";
			};
			name = Debug;
		};
		3C3846C02B34A2FC00D7F0D7 /* Release */ = {
			isa = XCBuildConfiguration;
			buildSettings = {
				ALWAYS_SEARCH_USER_PATHS = NO;
				ASSETCATALOG_COMPILER_GENERATE_SWIFT_ASSET_SYMBOL_EXTENSIONS = YES;
				CLANG_ANALYZER_NONNULL = YES;
				CLANG_ANALYZER_NUMBER_OBJECT_CONVERSION = YES_AGGRESSIVE;
				CLANG_CXX_LANGUAGE_STANDARD = "gnu++20";
				CLANG_ENABLE_MODULES = YES;
				CLANG_ENABLE_OBJC_ARC = YES;
				CLANG_ENABLE_OBJC_WEAK = YES;
				CLANG_WARN_BLOCK_CAPTURE_AUTORELEASING = YES;
				CLANG_WARN_BOOL_CONVERSION = YES;
				CLANG_WARN_COMMA = YES;
				CLANG_WARN_CONSTANT_CONVERSION = YES;
				CLANG_WARN_DEPRECATED_OBJC_IMPLEMENTATIONS = YES;
				CLANG_WARN_DIRECT_OBJC_ISA_USAGE = YES_ERROR;
				CLANG_WARN_DOCUMENTATION_COMMENTS = YES;
				CLANG_WARN_EMPTY_BODY = YES;
				CLANG_WARN_ENUM_CONVERSION = YES;
				CLANG_WARN_INFINITE_RECURSION = YES;
				CLANG_WARN_INT_CONVERSION = YES;
				CLANG_WARN_NON_LITERAL_NULL_CONVERSION = YES;
				CLANG_WARN_OBJC_IMPLICIT_RETAIN_SELF = YES;
				CLANG_WARN_OBJC_LITERAL_CONVERSION = YES;
				CLANG_WARN_OBJC_ROOT_CLASS = YES_ERROR;
				CLANG_WARN_QUOTED_INCLUDE_IN_FRAMEWORK_HEADER = YES;
				CLANG_WARN_RANGE_LOOP_ANALYSIS = YES;
				CLANG_WARN_STRICT_PROTOTYPES = YES;
				CLANG_WARN_SUSPICIOUS_MOVE = YES;
				CLANG_WARN_UNGUARDED_AVAILABILITY = YES_AGGRESSIVE;
				CLANG_WARN_UNREACHABLE_CODE = YES;
				CLANG_WARN__DUPLICATE_METHOD_MATCH = YES;
				COPY_PHASE_STRIP = NO;
				DEBUG_INFORMATION_FORMAT = "dwarf-with-dsym";
				ENABLE_NS_ASSERTIONS = NO;
				ENABLE_STRICT_OBJC_MSGSEND = YES;
				ENABLE_USER_SCRIPT_SANDBOXING = YES;
				GCC_C_LANGUAGE_STANDARD = gnu17;
				GCC_NO_COMMON_BLOCKS = YES;
				GCC_WARN_64_TO_32_BIT_CONVERSION = YES;
				GCC_WARN_ABOUT_RETURN_TYPE = YES_ERROR;
				GCC_WARN_UNDECLARED_SELECTOR = YES;
				GCC_WARN_UNINITIALIZED_AUTOS = YES_AGGRESSIVE;
				GCC_WARN_UNUSED_FUNCTION = YES;
				GCC_WARN_UNUSED_VARIABLE = YES;
				IPHONEOS_DEPLOYMENT_TARGET = 17.2;
				LOCALIZATION_PREFERS_STRING_CATALOGS = YES;
				MTL_ENABLE_DEBUG_INFO = NO;
				MTL_FAST_MATH = YES;
				SDKROOT = iphoneos;
				SWIFT_COMPILATION_MODE = wholemodule;
				VALIDATE_PRODUCT = YES;
			};
			name = Release;
		};
		3C3846C22B34A2FC00D7F0D7 /* Debug */ = {
			isa = XCBuildConfiguration;
			buildSettings = {
				ASSETCATALOG_COMPILER_APPICON_NAME = AppIcon;
				ASSETCATALOG_COMPILER_GLOBAL_ACCENT_COLOR_NAME = AccentColor;
				CODE_SIGN_STYLE = Automatic;
				CURRENT_PROJECT_VERSION = 1;
				DEVELOPMENT_TEAM = 5VR55PX3MR;
				GENERATE_INFOPLIST_FILE = YES;
				INFOPLIST_FILE = HomeWork3/Info.plist;
				INFOPLIST_KEY_UIApplicationSupportsIndirectInputEvents = YES;
				INFOPLIST_KEY_UILaunchStoryboardName = LaunchScreen;
				INFOPLIST_KEY_UIMainStoryboardFile = Main;
				INFOPLIST_KEY_UISupportedInterfaceOrientations_iPad = "UIInterfaceOrientationPortrait UIInterfaceOrientationPortraitUpsideDown UIInterfaceOrientationLandscapeLeft UIInterfaceOrientationLandscapeRight";
				INFOPLIST_KEY_UISupportedInterfaceOrientations_iPhone = "UIInterfaceOrientationPortrait UIInterfaceOrientationLandscapeLeft UIInterfaceOrientationLandscapeRight";
				LD_RUNPATH_SEARCH_PATHS = (
					"$(inherited)",
					"@executable_path/Frameworks",
				);
				MARKETING_VERSION = 1.0;
				PRODUCT_BUNDLE_IDENTIFIER = "-.HomeWork3";
				PRODUCT_NAME = "$(TARGET_NAME)";
				SWIFT_EMIT_LOC_STRINGS = YES;
				SWIFT_VERSION = 5.0;
				TARGETED_DEVICE_FAMILY = "1,2";
			};
			name = Debug;
		};
		3C3846C32B34A2FC00D7F0D7 /* Release */ = {
			isa = XCBuildConfiguration;
			buildSettings = {
				ASSETCATALOG_COMPILER_APPICON_NAME = AppIcon;
				ASSETCATALOG_COMPILER_GLOBAL_ACCENT_COLOR_NAME = AccentColor;
				CODE_SIGN_STYLE = Automatic;
				CURRENT_PROJECT_VERSION = 1;
				DEVELOPMENT_TEAM = 5VR55PX3MR;
				GENERATE_INFOPLIST_FILE = YES;
				INFOPLIST_FILE = HomeWork3/Info.plist;
				INFOPLIST_KEY_UIApplicationSupportsIndirectInputEvents = YES;
				INFOPLIST_KEY_UILaunchStoryboardName = LaunchScreen;
				INFOPLIST_KEY_UIMainStoryboardFile = Main;
				INFOPLIST_KEY_UISupportedInterfaceOrientations_iPad = "UIInterfaceOrientationPortrait UIInterfaceOrientationPortraitUpsideDown UIInterfaceOrientationLandscapeLeft UIInterfaceOrientationLandscapeRight";
				INFOPLIST_KEY_UISupportedInterfaceOrientations_iPhone = "UIInterfaceOrientationPortrait UIInterfaceOrientationLandscapeLeft UIInterfaceOrientationLandscapeRight";
				LD_RUNPATH_SEARCH_PATHS = (
					"$(inherited)",
					"@executable_path/Frameworks",
				);
				MARKETING_VERSION = 1.0;
				PRODUCT_BUNDLE_IDENTIFIER = "-.HomeWork3";
				PRODUCT_NAME = "$(TARGET_NAME)";
				SWIFT_EMIT_LOC_STRINGS = YES;
				SWIFT_VERSION = 5.0;
				TARGETED_DEVICE_FAMILY = "1,2";
			};
			name = Release;
		};
		3C3846C52B34A2FC00D7F0D7 /* Debug */ = {
			isa = XCBuildConfiguration;
			buildSettings = {
				ALWAYS_EMBED_SWIFT_STANDARD_LIBRARIES = YES;
				BUNDLE_LOADER = "$(TEST_HOST)";
				CODE_SIGN_STYLE = Automatic;
				CURRENT_PROJECT_VERSION = 1;
				DEVELOPMENT_TEAM = 5VR55PX3MR;
				GENERATE_INFOPLIST_FILE = YES;
				IPHONEOS_DEPLOYMENT_TARGET = 17.2;
				MARKETING_VERSION = 1.0;
				PRODUCT_BUNDLE_IDENTIFIER = "-.HomeWork3Tests";
				PRODUCT_NAME = "$(TARGET_NAME)";
				SWIFT_EMIT_LOC_STRINGS = NO;
				SWIFT_VERSION = 5.0;
				TARGETED_DEVICE_FAMILY = "1,2";
				TEST_HOST = "$(BUILT_PRODUCTS_DIR)/HomeWork3.app/$(BUNDLE_EXECUTABLE_FOLDER_PATH)/HomeWork3";
			};
			name = Debug;
		};
		3C3846C62B34A2FC00D7F0D7 /* Release */ = {
			isa = XCBuildConfiguration;
			buildSettings = {
				ALWAYS_EMBED_SWIFT_STANDARD_LIBRARIES = YES;
				BUNDLE_LOADER = "$(TEST_HOST)";
				CODE_SIGN_STYLE = Automatic;
				CURRENT_PROJECT_VERSION = 1;
				DEVELOPMENT_TEAM = 5VR55PX3MR;
				GENERATE_INFOPLIST_FILE = YES;
				IPHONEOS_DEPLOYMENT_TARGET = 17.2;
				MARKETING_VERSION = 1.0;
				PRODUCT_BUNDLE_IDENTIFIER = "-.HomeWork3Tests";
				PRODUCT_NAME = "$(TARGET_NAME)";
				SWIFT_EMIT_LOC_STRINGS = NO;
				SWIFT_VERSION = 5.0;
				TARGETED_DEVICE_FAMILY = "1,2";
				TEST_HOST = "$(BUILT_PRODUCTS_DIR)/HomeWork3.app/$(BUNDLE_EXECUTABLE_FOLDER_PATH)/HomeWork3";
			};
			name = Release;
		};
		3C3846C82B34A2FC00D7F0D7 /* Debug */ = {
			isa = XCBuildConfiguration;
			buildSettings = {
				ALWAYS_EMBED_SWIFT_STANDARD_LIBRARIES = YES;
				CODE_SIGN_STYLE = Automatic;
				CURRENT_PROJECT_VERSION = 1;
				DEVELOPMENT_TEAM = 5VR55PX3MR;
				GENERATE_INFOPLIST_FILE = YES;
				MARKETING_VERSION = 1.0;
				PRODUCT_BUNDLE_IDENTIFIER = "-.HomeWork3UITests";
				PRODUCT_NAME = "$(TARGET_NAME)";
				SWIFT_EMIT_LOC_STRINGS = NO;
				SWIFT_VERSION = 5.0;
				TARGETED_DEVICE_FAMILY = "1,2";
				TEST_TARGET_NAME = HomeWork3;
			};
			name = Debug;
		};
		3C3846C92B34A2FC00D7F0D7 /* Release */ = {
			isa = XCBuildConfiguration;
			buildSettings = {
				ALWAYS_EMBED_SWIFT_STANDARD_LIBRARIES = YES;
				CODE_SIGN_STYLE = Automatic;
				CURRENT_PROJECT_VERSION = 1;
				DEVELOPMENT_TEAM = 5VR55PX3MR;
				GENERATE_INFOPLIST_FILE = YES;
				MARKETING_VERSION = 1.0;
				PRODUCT_BUNDLE_IDENTIFIER = "-.HomeWork3UITests";
				PRODUCT_NAME = "$(TARGET_NAME)";
				SWIFT_EMIT_LOC_STRINGS = NO;
				SWIFT_VERSION = 5.0;
				TARGETED_DEVICE_FAMILY = "1,2";
				TEST_TARGET_NAME = HomeWork3;
			};
			name = Release;
		};
/* End XCBuildConfiguration section */

/* Begin XCConfigurationList section */
		3C3846922B34A2FB00D7F0D7 /* Build configuration list for PBXProject "HomeWork3" */ = {
			isa = XCConfigurationList;
			buildConfigurations = (
				3C3846BF2B34A2FC00D7F0D7 /* Debug */,
				3C3846C02B34A2FC00D7F0D7 /* Release */,
			);
			defaultConfigurationIsVisible = 0;
			defaultConfigurationName = Release;
		};
		3C3846C12B34A2FC00D7F0D7 /* Build configuration list for PBXNativeTarget "HomeWork3" */ = {
			isa = XCConfigurationList;
			buildConfigurations = (
				3C3846C22B34A2FC00D7F0D7 /* Debug */,
				3C3846C32B34A2FC00D7F0D7 /* Release */,
			);
			defaultConfigurationIsVisible = 0;
			defaultConfigurationName = Release;
		};
		3C3846C42B34A2FC00D7F0D7 /* Build configuration list for PBXNativeTarget "HomeWork3Tests" */ = {
			isa = XCConfigurationList;
			buildConfigurations = (
				3C3846C52B34A2FC00D7F0D7 /* Debug */,
				3C3846C62B34A2FC00D7F0D7 /* Release */,
			);
			defaultConfigurationIsVisible = 0;
			defaultConfigurationName = Release;
		};
		3C3846C72B34A2FC00D7F0D7 /* Build configuration list for PBXNativeTarget "HomeWork3UITests" */ = {
			isa = XCConfigurationList;
			buildConfigurations = (
				3C3846C82B34A2FC00D7F0D7 /* Debug */,
				3C3846C92B34A2FC00D7F0D7 /* Release */,
			);
			defaultConfigurationIsVisible = 0;
			defaultConfigurationName = Release;
		};
/* End XCConfigurationList section */
	};
	rootObject = 3C38468F2B34A2FB00D7F0D7 /* Project object */;
}
